
Microsoft Visual Studio Solution File, Format Version 12.00
# Visual Studio Version 17
VisualStudioVersion = 17.10.35013.160
MinimumVisualStudioVersion = 10.0.40219.1
Project("{FAE04EC0-301F-11D3-BF4B-00C04F79EFBC}") = "labo14_serveur", "labo14_serveur.csproj", "{835624A8-6B76-4150-881D-CC852697148D}"
EndProject
Global
	GlobalSection(SolutionConfigurationPlatforms) = preSolution
		Debug|Any CPU = Debug|Any CPU
		Release|Any CPU = Release|Any CPU
	EndGlobalSection
	GlobalSection(ProjectConfigurationPlatforms) = postSolution
		{835624A8-6B76-4150-881D-CC852697148D}.Debug|Any CPU.ActiveCfg = Debug|Any CPU
		{835624A8-6B76-4150-881D-CC852697148D}.Debug|Any CPU.Build.0 = Debug|Any CPU
		{835624A8-6B76-4150-881D-CC852697148D}.Release|Any CPU.ActiveCfg = Release|Any CPU
		{835624A8-6B76-4150-881D-CC852697148D}.Release|Any CPU.Build.0 = Release|Any CPU
	EndGlobalSection
	GlobalSection(SolutionProperties) = preSolution
		HideSolutionNode = FALSE
	EndGlobalSection
	GlobalSection(ExtensibilityGlobals) = postSolution
		SolutionGuid = {834E08D9-3D34-4BC8-9A44-02E818EB019D}
	EndGlobalSection
EndGlobal
